// !$*UTF8*$!
{
	archiveVersion = 1;
	classes = {
	};
	objectVersion = 46;
	objects = {

/* Begin PBXBuildFile section */
		F257FEC31A9D5F0600688A11 /* main.m in Sources */ = {isa = PBXBuildFile; fileRef = F257FEC21A9D5F0600688A11 /* main.m */; };
		F257FECB1A9D5F2700688A11 /* AddressCard.m in Sources */ = {isa = PBXBuildFile; fileRef = F257FECA1A9D5F2700688A11 /* AddressCard.m */; };
		F257FECE1A9D604500688A11 /* AddressBook.m in Sources */ = {isa = PBXBuildFile; fileRef = F257FECD1A9D604500688A11 /* AddressBook.m */; };
/* End PBXBuildFile section */

/* Begin PBXCopyFilesBuildPhase section */
		F257FEBD1A9D5F0600688A11 /* CopyFiles */ = {
			isa = PBXCopyFilesBuildPhase;
			buildActionMask = 2147483647;
			dstPath = /usr/share/man/man1/;
			dstSubfolderSpec = 0;
			files = (
			);
			runOnlyForDeploymentPostprocessing = 1;
		};
/* End PBXCopyFilesBuildPhase section */

/* Begin PBXFileReference section */
		F257FEBF1A9D5F0600688A11 /* program-12 */ = {isa = PBXFileReference; explicitFileType = "compiled.mach-o.executable"; includeInIndex = 0; path = "program-12"; sourceTree = BUILT_PRODUCTS_DIR; };
		F257FEC21A9D5F0600688A11 /* main.m */ = {isa = PBXFileReference; lastKnownFileType = sourcecode.c.objc; path = main.m; sourceTree = "<group>"; };
		F257FEC91A9D5F2700688A11 /* AddressCard.h */ = {isa = PBXFileReference; fileEncoding = 4; lastKnownFileType = sourcecode.c.h; path = AddressCard.h; sourceTree = "<group>"; };
		F257FECA1A9D5F2700688A11 /* AddressCard.m */ = {isa = PBXFileReference; fileEncoding = 4; lastKnownFileType = sourcecode.c.objc; path = AddressCard.m; sourceTree = "<group>"; };
		F257FECC1A9D5F4B00688A11 /* AddressBook.h */ = {isa = PBXFileReference; lastKnownFileType = sourcecode.c.h; path = AddressBook.h; sourceTree = "<group>"; };
		F257FECD1A9D604500688A11 /* AddressBook.m */ = {isa = PBXFileReference; fileEncoding = 4; lastKnownFileType = sourcecode.c.objc; path = AddressBook.m; sourceTree = "<group>"; };
/* End PBXFileReference section */

/* Begin PBXFrameworksBuildPhase section */
		F257FEBC1A9D5F0600688A11 /* Frameworks */ = {
			isa = PBXFrameworksBuildPhase;
			buildActionMask = 2147483647;
			files = (
			);
			runOnlyForDeploymentPostprocessing = 0;
		};
/* End PBXFrameworksBuildPhase section */

/* Begin PBXGroup section */
		F257FEB61A9D5F0600688A11 = {
			isa = PBXGroup;
			children = (
				F257FEC11A9D5F0600688A11 /* program-12 */,
				F257FEC01A9D5F0600688A11 /* Products */,
			);
			sourceTree = "<group>";
		};
		F257FEC01A9D5F0600688A11 /* Products */ = {
			isa = PBXGroup;
			children = (
				F257FEBF1A9D5F0600688A11 /* program-12 */,
			);
			name = Products;
			sourceTree = "<group>";
		};
		F257FEC11A9D5F0600688A11 /* program-12 */ = {
			isa = PBXGroup;
			children = (
				F257FEC21A9D5F0600688A11 /* main.m */,
				F257FECC1A9D5F4B00688A11 /* AddressBook.h */,
				F257FECD1A9D604500688A11 /* AddressBook.m */,
				F257FEC91A9D5F2700688A11 /* AddressCard.h */,
				F257FECA1A9D5F2700688A11 /* AddressCard.m */,
			);
			path = "program-12";
			sourceTree = "<group>";
		};
/* End PBXGroup section */

/* Begin PBXNativeTarget section */
		F257FEBE1A9D5F0600688A11 /* program-12 */ = {
			isa = PBXNativeTarget;
			buildConfigurationList = F257FEC61A9D5F0600688A11 /* Build configuration list for PBXNativeTarget "program-12" */;
			buildPhases = (
				F257FEBB1A9D5F0600688A11 /* Sources */,
				F257FEBC1A9D5F0600688A11 /* Frameworks */,
				F257FEBD1A9D5F0600688A11 /* CopyFiles */,
			);
			buildRules = (
			);
			dependencies = (
			);
			name = "program-12";
			productName = "program-12";
			productReference = F257FEBF1A9D5F0600688A11 /* program-12 */;
			productType = "com.apple.product-type.tool";
		};
/* End PBXNativeTarget section */

/* Begin PBXProject section */
		F257FEB71A9D5F0600688A11 /* Project object */ = {
			isa = PBXProject;
			attributes = {
				LastUpgradeCheck = 0610;
				ORGANIZATIONNAME = moony;
				TargetAttributes = {
					F257FEBE1A9D5F0600688A11 = {
						CreatedOnToolsVersion = 6.1.1;
					};
				};
			};
			buildConfigurationList = F257FEBA1A9D5F0600688A11 /* Build configuration list for PBXProject "program-12" */;
			compatibilityVersion = "Xcode 3.2";
			developmentRegion = English;
			hasScannedForEncodings = 0;
			knownRegions = (
				en,
			);
			mainGroup = F257FEB61A9D5F0600688A11;
			productRefGroup = F257FEC01A9D5F0600688A11 /* Products */;
			projectDirPath = "";
			projectRoot = "";
			targets = (
				F257FEBE1A9D5F0600688A11 /* program-12 */,
			);
		};
/* End PBXProject section */

/* Begin PBXSourcesBuildPhase section */
		F257FEBB1A9D5F0600688A11 /* Sources */ = {
			isa = PBXSourcesBuildPhase;
			buildActionMask = 2147483647;
			files = (
				F257FECE1A9D604500688A11 /* AddressBook.m in Sources */,
				F257FECB1A9D5F2700688A11 /* AddressCard.m in Sources */,
				F257FEC31A9D5F0600688A11 /* main.m in Sources */,
			);
			runOnlyForDeploymentPostprocessing = 0;
		};
/* End PBXSourcesBuildPhase section */

/* Begin XCBuildConfiguration section */
		F257FEC41A9D5F0600688A11 /* Debug */ = {
			isa = XCBuildConfiguration;
			buildSettings = {
				ALWAYS_SEARCH_USER_PATHS = NO;
				CLANG_CXX_LANGUAGE_STANDARD = "gnu++0x";
				CLANG_CXX_LIBRARY = "libc++";
				CLANG_ENABLE_MODULES = YES;
				CLANG_ENABLE_OBJC_ARC = YES;
				CLANG_WARN_BOOL_CONVERSION = YES;
				CLANG_WARN_CONSTANT_CONVERSION = YES;
				CLANG_WARN_DIRECT_OBJC_ISA_USAGE = YES_ERROR;
				CLANG_WARN_EMPTY_BODY = YES;
				CLANG_WARN_ENUM_CONVERSION = YES;
				CLANG_WARN_INT_CONVERSION = YES;
				CLANG_WARN_OBJC_ROOT_CLASS = YES_ERROR;
				CLANG_WARN_UNREACHABLE_CODE = YES;
				CLANG_WARN__DUPLICATE_METHOD_MATCH = YES;
				COPY_PHASE_STRIP = NO;
				ENABLE_STRICT_OBJC_MSGSEND = YES;
				GCC_C_LANGUAGE_STANDARD = gnu99;
				GCC_DYNAMIC_NO_PIC = NO;
				GCC_OPTIMIZATION_LEVEL = 0;
				GCC_PREPROCESSOR_DEFINITIONS = (
					"DEBUG=1",
					"$(inherited)",
				);
				GCC_SYMBOLS_PRIVATE_EXTERN = NO;
				GCC_WARN_64_TO_32_BIT_CONVERSION = YES;
				GCC_WARN_ABOUT_RETURN_TYPE = YES_ERROR;
				GCC_WARN_UNDECLARED_SELECTOR = YES;
				GCC_WARN_UNINITIALIZED_AUTOS = YES_AGGRESSIVE;
				GCC_WARN_UNUSED_FUNCTION = YES;
				GCC_WARN_UNUSED_VARIABLE = YES;
				MACOSX_DEPLOYMENT_TARGET = 10.10;
				MTL_ENABLE_DEBUG_INFO = YES;
				ONLY_ACTIVE_ARCH = YES;
				SDKROOT = macosx;
			};
			name = Debug;
		};
		F257FEC51A9D5F0600688A11 /* Release */ = {
			isa = XCBuildConfiguration;
			buildSettings = {
				ALWAYS_SEARCH_USER_PATHS = NO;
				CLANG_CXX_LANGUAGE_STANDARD = "gnu++0x";
				CLANG_CXX_LIBRARY = "libc++";
				CLANG_ENABLE_MODULES = YES;
				CLANG_ENABLE_OBJC_ARC = YES;
				CLANG_WARN_BOOL_CONVERSION = YES;
				CLANG_WARN_CONSTANT_CONVERSION = YES;
				CLANG_WARN_DIRECT_OBJC_ISA_USAGE = YES_ERROR;
				CLANG_WARN_EMPTY_BODY = YES;
				CLANG_WARN_ENUM_CONVERSION = YES;
				CLANG_WARN_INT_CONVERSION = YES;
				CLANG_WARN_OBJC_ROOT_CLASS = YES_ERROR;
				CLANG_WARN_UNREACHABLE_CODE = YES;
				CLANG_WARN__DUPLICATE_METHOD_MATCH = YES;
				COPY_PHASE_STRIP = YES;
				DEBUG_INFORMATION_FORMAT = "dwarf-with-dsym";
				ENABLE_NS_ASSERTIONS = NO;
				ENABLE_STRICT_OBJC_MSGSEND = YES;
				GCC_C_LANGUAGE_STANDARD = gnu99;
				GCC_WARN_64_TO_32_BIT_CONVERSION = YES;
				GCC_WARN_ABOUT_RETURN_TYPE = YES_ERROR;
				GCC_WARN_UNDECLARED_SELECTOR = YES;
				GCC_WARN_UNINITIALIZED_AUTOS = YES_AGGRESSIVE;
				GCC_WARN_UNUSED_FUNCTION = YES;
				GCC_WARN_UNUSED_VARIABLE = YES;
				MACOSX_DEPLOYMENT_TARGET = 10.10;
				MTL_ENABLE_DEBUG_INFO = NO;
				SDKROOT = macosx;
			};
			name = Release;
		};
		F257FEC71A9D5F0600688A11 /* Debug */ = {
			isa = XCBuildConfiguration;
			buildSettings = {
				PRODUCT_NAME = "$(TARGET_NAME)";
			};
			name = Debug;
		};
		F257FEC81A9D5F0600688A11 /* Release */ = {
			isa = XCBuildConfiguration;
			buildSettings = {
				PRODUCT_NAME = "$(TARGET_NAME)";
			};
			name = Release;
		};
/* End XCBuildConfiguration section */

/* Begin XCConfigurationList section */
		F257FEBA1A9D5F0600688A11 /* Build configuration list for PBXProject "program-12" */ = {
			isa = XCConfigurationList;
			buildConfigurations = (
				F257FEC41A9D5F0600688A11 /* Debug */,
				F257FEC51A9D5F0600688A11 /* Release */,
			);
			defaultConfigurationIsVisible = 0;
			defaultConfigurationName = Release;
		};
		F257FEC61A9D5F0600688A11 /* Build configuration list for PBXNativeTarget "program-12" */ = {
			isa = XCConfigurationList;
			buildConfigurations = (
				F257FEC71A9D5F0600688A11 /* Debug */,
				F257FEC81A9D5F0600688A11 /* Release */,
			);
			defaultConfigurationIsVisible = 0;
		};
/* End XCConfigurationList section */
	};
	rootObject = F257FEB71A9D5F0600688A11 /* Project object */;
}
