// !$*UTF8*$!
{
	archiveVersion = 1;
	classes = {
	};
	objectVersion = 46;
	objects = {

/* Begin PBXBuildFile section */
		F2B296AC1A77E7E600122617 /* main.m in Sources */ = {isa = PBXBuildFile; fileRef = F2B296AB1A77E7E600122617 /* main.m */; };
		F2B296BC1A77E81300122617 /* Circle.m in Sources */ = {isa = PBXBuildFile; fileRef = F2B296B31A77E81300122617 /* Circle.m */; };
		F2B296BD1A77E81300122617 /* GraphicObject.m in Sources */ = {isa = PBXBuildFile; fileRef = F2B296B51A77E81300122617 /* GraphicObject.m */; };
		F2B296BE1A77E81300122617 /* Rectangle.m in Sources */ = {isa = PBXBuildFile; fileRef = F2B296B71A77E81300122617 /* Rectangle.m */; };
		F2B296BF1A77E81300122617 /* Triangle.m in Sources */ = {isa = PBXBuildFile; fileRef = F2B296B91A77E81300122617 /* Triangle.m */; };
		F2B296C01A77E81300122617 /* XYPoint.m in Sources */ = {isa = PBXBuildFile; fileRef = F2B296BB1A77E81300122617 /* XYPoint.m */; };
/* End PBXBuildFile section */

/* Begin PBXCopyFilesBuildPhase section */
		F2B296A61A77E7E600122617 /* CopyFiles */ = {
			isa = PBXCopyFilesBuildPhase;
			buildActionMask = 2147483647;
			dstPath = /usr/share/man/man1/;
			dstSubfolderSpec = 0;
			files = (
			);
			runOnlyForDeploymentPostprocessing = 1;
		};
/* End PBXCopyFilesBuildPhase section */

/* Begin PBXFileReference section */
		F2B296A81A77E7E600122617 /* exercise-8 */ = {isa = PBXFileReference; explicitFileType = "compiled.mach-o.executable"; includeInIndex = 0; path = "exercise-8"; sourceTree = BUILT_PRODUCTS_DIR; };
		F2B296AB1A77E7E600122617 /* main.m */ = {isa = PBXFileReference; lastKnownFileType = sourcecode.c.objc; path = main.m; sourceTree = "<group>"; };
		F2B296B21A77E81300122617 /* Circle.h */ = {isa = PBXFileReference; fileEncoding = 4; lastKnownFileType = sourcecode.c.h; path = Circle.h; sourceTree = "<group>"; };
		F2B296B31A77E81300122617 /* Circle.m */ = {isa = PBXFileReference; fileEncoding = 4; lastKnownFileType = sourcecode.c.objc; path = Circle.m; sourceTree = "<group>"; };
		F2B296B41A77E81300122617 /* GraphicObject.h */ = {isa = PBXFileReference; fileEncoding = 4; lastKnownFileType = sourcecode.c.h; path = GraphicObject.h; sourceTree = "<group>"; };
		F2B296B51A77E81300122617 /* GraphicObject.m */ = {isa = PBXFileReference; fileEncoding = 4; lastKnownFileType = sourcecode.c.objc; path = GraphicObject.m; sourceTree = "<group>"; };
		F2B296B61A77E81300122617 /* Rectangle.h */ = {isa = PBXFileReference; fileEncoding = 4; lastKnownFileType = sourcecode.c.h; path = Rectangle.h; sourceTree = "<group>"; };
		F2B296B71A77E81300122617 /* Rectangle.m */ = {isa = PBXFileReference; fileEncoding = 4; lastKnownFileType = sourcecode.c.objc; path = Rectangle.m; sourceTree = "<group>"; };
		F2B296B81A77E81300122617 /* Triangle.h */ = {isa = PBXFileReference; fileEncoding = 4; lastKnownFileType = sourcecode.c.h; path = Triangle.h; sourceTree = "<group>"; };
		F2B296B91A77E81300122617 /* Triangle.m */ = {isa = PBXFileReference; fileEncoding = 4; lastKnownFileType = sourcecode.c.objc; path = Triangle.m; sourceTree = "<group>"; };
		F2B296BA1A77E81300122617 /* XYPoint.h */ = {isa = PBXFileReference; fileEncoding = 4; lastKnownFileType = sourcecode.c.h; path = XYPoint.h; sourceTree = "<group>"; };
		F2B296BB1A77E81300122617 /* XYPoint.m */ = {isa = PBXFileReference; fileEncoding = 4; lastKnownFileType = sourcecode.c.objc; path = XYPoint.m; sourceTree = "<group>"; };
/* End PBXFileReference section */

/* Begin PBXFrameworksBuildPhase section */
		F2B296A51A77E7E600122617 /* Frameworks */ = {
			isa = PBXFrameworksBuildPhase;
			buildActionMask = 2147483647;
			files = (
			);
			runOnlyForDeploymentPostprocessing = 0;
		};
/* End PBXFrameworksBuildPhase section */

/* Begin PBXGroup section */
		F2B2969F1A77E7E600122617 = {
			isa = PBXGroup;
			children = (
				F2B296AA1A77E7E600122617 /* exercise-8 */,
				F2B296A91A77E7E600122617 /* Products */,
			);
			sourceTree = "<group>";
		};
		F2B296A91A77E7E600122617 /* Products */ = {
			isa = PBXGroup;
			children = (
				F2B296A81A77E7E600122617 /* exercise-8 */,
			);
			name = Products;
			sourceTree = "<group>";
		};
		F2B296AA1A77E7E600122617 /* exercise-8 */ = {
			isa = PBXGroup;
			children = (
				F2B296AB1A77E7E600122617 /* main.m */,
				F2B296B21A77E81300122617 /* Circle.h */,
				F2B296B31A77E81300122617 /* Circle.m */,
				F2B296B41A77E81300122617 /* GraphicObject.h */,
				F2B296B51A77E81300122617 /* GraphicObject.m */,
				F2B296B61A77E81300122617 /* Rectangle.h */,
				F2B296B71A77E81300122617 /* Rectangle.m */,
				F2B296B81A77E81300122617 /* Triangle.h */,
				F2B296B91A77E81300122617 /* Triangle.m */,
				F2B296BA1A77E81300122617 /* XYPoint.h */,
				F2B296BB1A77E81300122617 /* XYPoint.m */,
			);
			path = "exercise-8";
			sourceTree = "<group>";
		};
/* End PBXGroup section */

/* Begin PBXNativeTarget section */
		F2B296A71A77E7E600122617 /* exercise-8 */ = {
			isa = PBXNativeTarget;
			buildConfigurationList = F2B296AF1A77E7E600122617 /* Build configuration list for PBXNativeTarget "exercise-8" */;
			buildPhases = (
				F2B296A41A77E7E600122617 /* Sources */,
				F2B296A51A77E7E600122617 /* Frameworks */,
				F2B296A61A77E7E600122617 /* CopyFiles */,
			);
			buildRules = (
			);
			dependencies = (
			);
			name = "exercise-8";
			productName = "exercise-8";
			productReference = F2B296A81A77E7E600122617 /* exercise-8 */;
			productType = "com.apple.product-type.tool";
		};
/* End PBXNativeTarget section */

/* Begin PBXProject section */
		F2B296A01A77E7E600122617 /* Project object */ = {
			isa = PBXProject;
			attributes = {
				LastUpgradeCheck = 0610;
				ORGANIZATIONNAME = moony;
				TargetAttributes = {
					F2B296A71A77E7E600122617 = {
						CreatedOnToolsVersion = 6.1.1;
					};
				};
			};
			buildConfigurationList = F2B296A31A77E7E600122617 /* Build configuration list for PBXProject "exercise-8" */;
			compatibilityVersion = "Xcode 3.2";
			developmentRegion = English;
			hasScannedForEncodings = 0;
			knownRegions = (
				en,
			);
			mainGroup = F2B2969F1A77E7E600122617;
			productRefGroup = F2B296A91A77E7E600122617 /* Products */;
			projectDirPath = "";
			projectRoot = "";
			targets = (
				F2B296A71A77E7E600122617 /* exercise-8 */,
			);
		};
/* End PBXProject section */

/* Begin PBXSourcesBuildPhase section */
		F2B296A41A77E7E600122617 /* Sources */ = {
			isa = PBXSourcesBuildPhase;
			buildActionMask = 2147483647;
			files = (
				F2B296BF1A77E81300122617 /* Triangle.m in Sources */,
				F2B296C01A77E81300122617 /* XYPoint.m in Sources */,
				F2B296AC1A77E7E600122617 /* main.m in Sources */,
				F2B296BC1A77E81300122617 /* Circle.m in Sources */,
				F2B296BD1A77E81300122617 /* GraphicObject.m in Sources */,
				F2B296BE1A77E81300122617 /* Rectangle.m in Sources */,
			);
			runOnlyForDeploymentPostprocessing = 0;
		};
/* End PBXSourcesBuildPhase section */

/* Begin XCBuildConfiguration section */
		F2B296AD1A77E7E600122617 /* Debug */ = {
			isa = XCBuildConfiguration;
			buildSettings = {
				ALWAYS_SEARCH_USER_PATHS = NO;
				CLANG_CXX_LANGUAGE_STANDARD = "gnu++0x";
				CLANG_CXX_LIBRARY = "libc++";
				CLANG_ENABLE_MODULES = YES;
				CLANG_ENABLE_OBJC_ARC = YES;
				CLANG_WARN_BOOL_CONVERSION = YES;
				CLANG_WARN_CONSTANT_CONVERSION = YES;
				CLANG_WARN_DIRECT_OBJC_ISA_USAGE = YES_ERROR;
				CLANG_WARN_EMPTY_BODY = YES;
				CLANG_WARN_ENUM_CONVERSION = YES;
				CLANG_WARN_INT_CONVERSION = YES;
				CLANG_WARN_OBJC_ROOT_CLASS = YES_ERROR;
				CLANG_WARN_UNREACHABLE_CODE = YES;
				CLANG_WARN__DUPLICATE_METHOD_MATCH = YES;
				COPY_PHASE_STRIP = NO;
				ENABLE_STRICT_OBJC_MSGSEND = YES;
				GCC_C_LANGUAGE_STANDARD = gnu99;
				GCC_DYNAMIC_NO_PIC = NO;
				GCC_OPTIMIZATION_LEVEL = 0;
				GCC_PREPROCESSOR_DEFINITIONS = (
					"DEBUG=1",
					"$(inherited)",
				);
				GCC_SYMBOLS_PRIVATE_EXTERN = NO;
				GCC_WARN_64_TO_32_BIT_CONVERSION = YES;
				GCC_WARN_ABOUT_RETURN_TYPE = YES_ERROR;
				GCC_WARN_UNDECLARED_SELECTOR = YES;
				GCC_WARN_UNINITIALIZED_AUTOS = YES_AGGRESSIVE;
				GCC_WARN_UNUSED_FUNCTION = YES;
				GCC_WARN_UNUSED_VARIABLE = YES;
				MACOSX_DEPLOYMENT_TARGET = 10.10;
				MTL_ENABLE_DEBUG_INFO = YES;
				ONLY_ACTIVE_ARCH = YES;
				SDKROOT = macosx;
			};
			name = Debug;
		};
		F2B296AE1A77E7E600122617 /* Release */ = {
			isa = XCBuildConfiguration;
			buildSettings = {
				ALWAYS_SEARCH_USER_PATHS = NO;
				CLANG_CXX_LANGUAGE_STANDARD = "gnu++0x";
				CLANG_CXX_LIBRARY = "libc++";
				CLANG_ENABLE_MODULES = YES;
				CLANG_ENABLE_OBJC_ARC = YES;
				CLANG_WARN_BOOL_CONVERSION = YES;
				CLANG_WARN_CONSTANT_CONVERSION = YES;
				CLANG_WARN_DIRECT_OBJC_ISA_USAGE = YES_ERROR;
				CLANG_WARN_EMPTY_BODY = YES;
				CLANG_WARN_ENUM_CONVERSION = YES;
				CLANG_WARN_INT_CONVERSION = YES;
				CLANG_WARN_OBJC_ROOT_CLASS = YES_ERROR;
				CLANG_WARN_UNREACHABLE_CODE = YES;
				CLANG_WARN__DUPLICATE_METHOD_MATCH = YES;
				COPY_PHASE_STRIP = YES;
				DEBUG_INFORMATION_FORMAT = "dwarf-with-dsym";
				ENABLE_NS_ASSERTIONS = NO;
				ENABLE_STRICT_OBJC_MSGSEND = YES;
				GCC_C_LANGUAGE_STANDARD = gnu99;
				GCC_WARN_64_TO_32_BIT_CONVERSION = YES;
				GCC_WARN_ABOUT_RETURN_TYPE = YES_ERROR;
				GCC_WARN_UNDECLARED_SELECTOR = YES;
				GCC_WARN_UNINITIALIZED_AUTOS = YES_AGGRESSIVE;
				GCC_WARN_UNUSED_FUNCTION = YES;
				GCC_WARN_UNUSED_VARIABLE = YES;
				MACOSX_DEPLOYMENT_TARGET = 10.10;
				MTL_ENABLE_DEBUG_INFO = NO;
				SDKROOT = macosx;
			};
			name = Release;
		};
		F2B296B01A77E7E600122617 /* Debug */ = {
			isa = XCBuildConfiguration;
			buildSettings = {
				PRODUCT_NAME = "$(TARGET_NAME)";
			};
			name = Debug;
		};
		F2B296B11A77E7E600122617 /* Release */ = {
			isa = XCBuildConfiguration;
			buildSettings = {
				PRODUCT_NAME = "$(TARGET_NAME)";
			};
			name = Release;
		};
/* End XCBuildConfiguration section */

/* Begin XCConfigurationList section */
		F2B296A31A77E7E600122617 /* Build configuration list for PBXProject "exercise-8" */ = {
			isa = XCConfigurationList;
			buildConfigurations = (
				F2B296AD1A77E7E600122617 /* Debug */,
				F2B296AE1A77E7E600122617 /* Release */,
			);
			defaultConfigurationIsVisible = 0;
			defaultConfigurationName = Release;
		};
		F2B296AF1A77E7E600122617 /* Build configuration list for PBXNativeTarget "exercise-8" */ = {
			isa = XCConfigurationList;
			buildConfigurations = (
				F2B296B01A77E7E600122617 /* Debug */,
				F2B296B11A77E7E600122617 /* Release */,
			);
			defaultConfigurationIsVisible = 0;
		};
/* End XCConfigurationList section */
	};
	rootObject = F2B296A01A77E7E600122617 /* Project object */;
}
