// !$*UTF8*$!
{
	archiveVersion = 1;
	classes = {
	};
	objectVersion = 46;
	objects = {

/* Begin PBXBuildFile section */
		F21E3FB91A90A89F00466179 /* main.m in Sources */ = {isa = PBXBuildFile; fileRef = F21E3FB81A90A89F00466179 /* main.m */; };
		F21E3FD21A90A99700466179 /* Rectangle.m in Sources */ = {isa = PBXBuildFile; fileRef = F21E3FCF1A90A99700466179 /* Rectangle.m */; };
		F21E3FD31A90A99700466179 /* Square.m in Sources */ = {isa = PBXBuildFile; fileRef = F21E3FD11A90A99700466179 /* Square.m */; };
/* End PBXBuildFile section */

/* Begin PBXCopyFilesBuildPhase section */
		F21E3FB31A90A89F00466179 /* CopyFiles */ = {
			isa = PBXCopyFilesBuildPhase;
			buildActionMask = 2147483647;
			dstPath = /usr/share/man/man1/;
			dstSubfolderSpec = 0;
			files = (
			);
			runOnlyForDeploymentPostprocessing = 1;
		};
/* End PBXCopyFilesBuildPhase section */

/* Begin PBXFileReference section */
		F21E3FB51A90A89F00466179 /* program-3 */ = {isa = PBXFileReference; explicitFileType = "compiled.mach-o.executable"; includeInIndex = 0; path = "program-3"; sourceTree = BUILT_PRODUCTS_DIR; };
		F21E3FB81A90A89F00466179 /* main.m */ = {isa = PBXFileReference; lastKnownFileType = sourcecode.c.objc; path = main.m; sourceTree = "<group>"; };
		F21E3FCE1A90A99700466179 /* Rectangle.h */ = {isa = PBXFileReference; fileEncoding = 4; lastKnownFileType = sourcecode.c.h; path = Rectangle.h; sourceTree = "<group>"; };
		F21E3FCF1A90A99700466179 /* Rectangle.m */ = {isa = PBXFileReference; fileEncoding = 4; lastKnownFileType = sourcecode.c.objc; path = Rectangle.m; sourceTree = "<group>"; };
		F21E3FD01A90A99700466179 /* Square.h */ = {isa = PBXFileReference; fileEncoding = 4; lastKnownFileType = sourcecode.c.h; path = Square.h; sourceTree = "<group>"; };
		F21E3FD11A90A99700466179 /* Square.m */ = {isa = PBXFileReference; fileEncoding = 4; lastKnownFileType = sourcecode.c.objc; path = Square.m; sourceTree = "<group>"; };
/* End PBXFileReference section */

/* Begin PBXFrameworksBuildPhase section */
		F21E3FB21A90A89F00466179 /* Frameworks */ = {
			isa = PBXFrameworksBuildPhase;
			buildActionMask = 2147483647;
			files = (
			);
			runOnlyForDeploymentPostprocessing = 0;
		};
/* End PBXFrameworksBuildPhase section */

/* Begin PBXGroup section */
		F21E3FAC1A90A89F00466179 = {
			isa = PBXGroup;
			children = (
				F21E3FB71A90A89F00466179 /* program-3 */,
				F21E3FB61A90A89F00466179 /* Products */,
			);
			sourceTree = "<group>";
		};
		F21E3FB61A90A89F00466179 /* Products */ = {
			isa = PBXGroup;
			children = (
				F21E3FB51A90A89F00466179 /* program-3 */,
			);
			name = Products;
			sourceTree = "<group>";
		};
		F21E3FB71A90A89F00466179 /* program-3 */ = {
			isa = PBXGroup;
			children = (
				F21E3FB81A90A89F00466179 /* main.m */,
				F21E3FCE1A90A99700466179 /* Rectangle.h */,
				F21E3FCF1A90A99700466179 /* Rectangle.m */,
				F21E3FD01A90A99700466179 /* Square.h */,
				F21E3FD11A90A99700466179 /* Square.m */,
			);
			path = "program-3";
			sourceTree = "<group>";
		};
/* End PBXGroup section */

/* Begin PBXNativeTarget section */
		F21E3FB41A90A89F00466179 /* program-3 */ = {
			isa = PBXNativeTarget;
			buildConfigurationList = F21E3FBC1A90A89F00466179 /* Build configuration list for PBXNativeTarget "program-3" */;
			buildPhases = (
				F21E3FB11A90A89F00466179 /* Sources */,
				F21E3FB21A90A89F00466179 /* Frameworks */,
				F21E3FB31A90A89F00466179 /* CopyFiles */,
			);
			buildRules = (
			);
			dependencies = (
			);
			name = "program-3";
			productName = "program-3";
			productReference = F21E3FB51A90A89F00466179 /* program-3 */;
			productType = "com.apple.product-type.tool";
		};
/* End PBXNativeTarget section */

/* Begin PBXProject section */
		F21E3FAD1A90A89F00466179 /* Project object */ = {
			isa = PBXProject;
			attributes = {
				LastUpgradeCheck = 0610;
				ORGANIZATIONNAME = moony;
				TargetAttributes = {
					F21E3FB41A90A89F00466179 = {
						CreatedOnToolsVersion = 6.1.1;
					};
				};
			};
			buildConfigurationList = F21E3FB01A90A89F00466179 /* Build configuration list for PBXProject "program-3" */;
			compatibilityVersion = "Xcode 3.2";
			developmentRegion = English;
			hasScannedForEncodings = 0;
			knownRegions = (
				en,
			);
			mainGroup = F21E3FAC1A90A89F00466179;
			productRefGroup = F21E3FB61A90A89F00466179 /* Products */;
			projectDirPath = "";
			projectRoot = "";
			targets = (
				F21E3FB41A90A89F00466179 /* program-3 */,
			);
		};
/* End PBXProject section */

/* Begin PBXSourcesBuildPhase section */
		F21E3FB11A90A89F00466179 /* Sources */ = {
			isa = PBXSourcesBuildPhase;
			buildActionMask = 2147483647;
			files = (
				F21E3FD31A90A99700466179 /* Square.m in Sources */,
				F21E3FB91A90A89F00466179 /* main.m in Sources */,
				F21E3FD21A90A99700466179 /* Rectangle.m in Sources */,
			);
			runOnlyForDeploymentPostprocessing = 0;
		};
/* End PBXSourcesBuildPhase section */

/* Begin XCBuildConfiguration section */
		F21E3FBA1A90A89F00466179 /* Debug */ = {
			isa = XCBuildConfiguration;
			buildSettings = {
				ALWAYS_SEARCH_USER_PATHS = NO;
				CLANG_CXX_LANGUAGE_STANDARD = "gnu++0x";
				CLANG_CXX_LIBRARY = "libc++";
				CLANG_ENABLE_MODULES = YES;
				CLANG_ENABLE_OBJC_ARC = YES;
				CLANG_WARN_BOOL_CONVERSION = YES;
				CLANG_WARN_CONSTANT_CONVERSION = YES;
				CLANG_WARN_DIRECT_OBJC_ISA_USAGE = YES_ERROR;
				CLANG_WARN_EMPTY_BODY = YES;
				CLANG_WARN_ENUM_CONVERSION = YES;
				CLANG_WARN_INT_CONVERSION = YES;
				CLANG_WARN_OBJC_ROOT_CLASS = YES_ERROR;
				CLANG_WARN_UNREACHABLE_CODE = YES;
				CLANG_WARN__DUPLICATE_METHOD_MATCH = YES;
				COPY_PHASE_STRIP = NO;
				ENABLE_STRICT_OBJC_MSGSEND = YES;
				GCC_C_LANGUAGE_STANDARD = gnu99;
				GCC_DYNAMIC_NO_PIC = NO;
				GCC_OPTIMIZATION_LEVEL = 0;
				GCC_PREPROCESSOR_DEFINITIONS = (
					"DEBUG=1",
					"$(inherited)",
				);
				GCC_SYMBOLS_PRIVATE_EXTERN = NO;
				GCC_WARN_64_TO_32_BIT_CONVERSION = YES;
				GCC_WARN_ABOUT_RETURN_TYPE = YES_ERROR;
				GCC_WARN_UNDECLARED_SELECTOR = YES;
				GCC_WARN_UNINITIALIZED_AUTOS = YES_AGGRESSIVE;
				GCC_WARN_UNUSED_FUNCTION = YES;
				GCC_WARN_UNUSED_VARIABLE = YES;
				MACOSX_DEPLOYMENT_TARGET = 10.10;
				MTL_ENABLE_DEBUG_INFO = YES;
				ONLY_ACTIVE_ARCH = YES;
				SDKROOT = macosx;
			};
			name = Debug;
		};
		F21E3FBB1A90A89F00466179 /* Release */ = {
			isa = XCBuildConfiguration;
			buildSettings = {
				ALWAYS_SEARCH_USER_PATHS = NO;
				CLANG_CXX_LANGUAGE_STANDARD = "gnu++0x";
				CLANG_CXX_LIBRARY = "libc++";
				CLANG_ENABLE_MODULES = YES;
				CLANG_ENABLE_OBJC_ARC = YES;
				CLANG_WARN_BOOL_CONVERSION = YES;
				CLANG_WARN_CONSTANT_CONVERSION = YES;
				CLANG_WARN_DIRECT_OBJC_ISA_USAGE = YES_ERROR;
				CLANG_WARN_EMPTY_BODY = YES;
				CLANG_WARN_ENUM_CONVERSION = YES;
				CLANG_WARN_INT_CONVERSION = YES;
				CLANG_WARN_OBJC_ROOT_CLASS = YES_ERROR;
				CLANG_WARN_UNREACHABLE_CODE = YES;
				CLANG_WARN__DUPLICATE_METHOD_MATCH = YES;
				COPY_PHASE_STRIP = YES;
				DEBUG_INFORMATION_FORMAT = "dwarf-with-dsym";
				ENABLE_NS_ASSERTIONS = NO;
				ENABLE_STRICT_OBJC_MSGSEND = YES;
				GCC_C_LANGUAGE_STANDARD = gnu99;
				GCC_WARN_64_TO_32_BIT_CONVERSION = YES;
				GCC_WARN_ABOUT_RETURN_TYPE = YES_ERROR;
				GCC_WARN_UNDECLARED_SELECTOR = YES;
				GCC_WARN_UNINITIALIZED_AUTOS = YES_AGGRESSIVE;
				GCC_WARN_UNUSED_FUNCTION = YES;
				GCC_WARN_UNUSED_VARIABLE = YES;
				MACOSX_DEPLOYMENT_TARGET = 10.10;
				MTL_ENABLE_DEBUG_INFO = NO;
				SDKROOT = macosx;
			};
			name = Release;
		};
		F21E3FBD1A90A89F00466179 /* Debug */ = {
			isa = XCBuildConfiguration;
			buildSettings = {
				PRODUCT_NAME = "$(TARGET_NAME)";
			};
			name = Debug;
		};
		F21E3FBE1A90A89F00466179 /* Release */ = {
			isa = XCBuildConfiguration;
			buildSettings = {
				PRODUCT_NAME = "$(TARGET_NAME)";
			};
			name = Release;
		};
/* End XCBuildConfiguration section */

/* Begin XCConfigurationList section */
		F21E3FB01A90A89F00466179 /* Build configuration list for PBXProject "program-3" */ = {
			isa = XCConfigurationList;
			buildConfigurations = (
				F21E3FBA1A90A89F00466179 /* Debug */,
				F21E3FBB1A90A89F00466179 /* Release */,
			);
			defaultConfigurationIsVisible = 0;
			defaultConfigurationName = Release;
		};
		F21E3FBC1A90A89F00466179 /* Build configuration list for PBXNativeTarget "program-3" */ = {
			isa = XCConfigurationList;
			buildConfigurations = (
				F21E3FBD1A90A89F00466179 /* Debug */,
				F21E3FBE1A90A89F00466179 /* Release */,
			);
			defaultConfigurationIsVisible = 0;
		};
/* End XCConfigurationList section */
	};
	rootObject = F21E3FAD1A90A89F00466179 /* Project object */;
}
