// !$*UTF8*$!
{
	archiveVersion = 1;
	classes = {
	};
	objectVersion = 46;
	objects = {

/* Begin PBXBuildFile section */
		F257FD251A9831FD00688A11 /* main.m in Sources */ = {isa = PBXBuildFile; fileRef = F257FD241A9831FD00688A11 /* main.m */; };
		F257FD2F1A98321200688A11 /* Rectangle.m in Sources */ = {isa = PBXBuildFile; fileRef = F257FD2C1A98321200688A11 /* Rectangle.m */; };
		F257FD301A98321200688A11 /* XYPoint.m in Sources */ = {isa = PBXBuildFile; fileRef = F257FD2E1A98321200688A11 /* XYPoint.m */; };
		F257FD331A98322D00688A11 /* Square.m in Sources */ = {isa = PBXBuildFile; fileRef = F257FD321A98322D00688A11 /* Square.m */; };
/* End PBXBuildFile section */

/* Begin PBXCopyFilesBuildPhase section */
		F257FD1F1A9831FD00688A11 /* CopyFiles */ = {
			isa = PBXCopyFilesBuildPhase;
			buildActionMask = 2147483647;
			dstPath = /usr/share/man/man1/;
			dstSubfolderSpec = 0;
			files = (
			);
			runOnlyForDeploymentPostprocessing = 1;
		};
/* End PBXCopyFilesBuildPhase section */

/* Begin PBXFileReference section */
		F257FD211A9831FD00688A11 /* exercise-5 */ = {isa = PBXFileReference; explicitFileType = "compiled.mach-o.executable"; includeInIndex = 0; path = "exercise-5"; sourceTree = BUILT_PRODUCTS_DIR; };
		F257FD241A9831FD00688A11 /* main.m */ = {isa = PBXFileReference; lastKnownFileType = sourcecode.c.objc; path = main.m; sourceTree = "<group>"; };
		F257FD2B1A98321200688A11 /* Rectangle.h */ = {isa = PBXFileReference; fileEncoding = 4; lastKnownFileType = sourcecode.c.h; path = Rectangle.h; sourceTree = "<group>"; };
		F257FD2C1A98321200688A11 /* Rectangle.m */ = {isa = PBXFileReference; fileEncoding = 4; lastKnownFileType = sourcecode.c.objc; path = Rectangle.m; sourceTree = "<group>"; };
		F257FD2D1A98321200688A11 /* XYPoint.h */ = {isa = PBXFileReference; fileEncoding = 4; lastKnownFileType = sourcecode.c.h; path = XYPoint.h; sourceTree = "<group>"; };
		F257FD2E1A98321200688A11 /* XYPoint.m */ = {isa = PBXFileReference; fileEncoding = 4; lastKnownFileType = sourcecode.c.objc; path = XYPoint.m; sourceTree = "<group>"; };
		F257FD311A98322200688A11 /* Square.h */ = {isa = PBXFileReference; lastKnownFileType = sourcecode.c.h; path = Square.h; sourceTree = "<group>"; };
		F257FD321A98322D00688A11 /* Square.m */ = {isa = PBXFileReference; fileEncoding = 4; lastKnownFileType = sourcecode.c.objc; path = Square.m; sourceTree = "<group>"; };
/* End PBXFileReference section */

/* Begin PBXFrameworksBuildPhase section */
		F257FD1E1A9831FD00688A11 /* Frameworks */ = {
			isa = PBXFrameworksBuildPhase;
			buildActionMask = 2147483647;
			files = (
			);
			runOnlyForDeploymentPostprocessing = 0;
		};
/* End PBXFrameworksBuildPhase section */

/* Begin PBXGroup section */
		F257FD181A9831FD00688A11 = {
			isa = PBXGroup;
			children = (
				F257FD231A9831FD00688A11 /* exercise-5 */,
				F257FD221A9831FD00688A11 /* Products */,
			);
			sourceTree = "<group>";
		};
		F257FD221A9831FD00688A11 /* Products */ = {
			isa = PBXGroup;
			children = (
				F257FD211A9831FD00688A11 /* exercise-5 */,
			);
			name = Products;
			sourceTree = "<group>";
		};
		F257FD231A9831FD00688A11 /* exercise-5 */ = {
			isa = PBXGroup;
			children = (
				F257FD241A9831FD00688A11 /* main.m */,
				F257FD2B1A98321200688A11 /* Rectangle.h */,
				F257FD2C1A98321200688A11 /* Rectangle.m */,
				F257FD2D1A98321200688A11 /* XYPoint.h */,
				F257FD2E1A98321200688A11 /* XYPoint.m */,
				F257FD311A98322200688A11 /* Square.h */,
				F257FD321A98322D00688A11 /* Square.m */,
			);
			path = "exercise-5";
			sourceTree = "<group>";
		};
/* End PBXGroup section */

/* Begin PBXNativeTarget section */
		F257FD201A9831FD00688A11 /* exercise-5 */ = {
			isa = PBXNativeTarget;
			buildConfigurationList = F257FD281A9831FD00688A11 /* Build configuration list for PBXNativeTarget "exercise-5" */;
			buildPhases = (
				F257FD1D1A9831FD00688A11 /* Sources */,
				F257FD1E1A9831FD00688A11 /* Frameworks */,
				F257FD1F1A9831FD00688A11 /* CopyFiles */,
			);
			buildRules = (
			);
			dependencies = (
			);
			name = "exercise-5";
			productName = "exercise-5";
			productReference = F257FD211A9831FD00688A11 /* exercise-5 */;
			productType = "com.apple.product-type.tool";
		};
/* End PBXNativeTarget section */

/* Begin PBXProject section */
		F257FD191A9831FD00688A11 /* Project object */ = {
			isa = PBXProject;
			attributes = {
				LastUpgradeCheck = 0610;
				ORGANIZATIONNAME = moony;
				TargetAttributes = {
					F257FD201A9831FD00688A11 = {
						CreatedOnToolsVersion = 6.1.1;
					};
				};
			};
			buildConfigurationList = F257FD1C1A9831FD00688A11 /* Build configuration list for PBXProject "exercise-5" */;
			compatibilityVersion = "Xcode 3.2";
			developmentRegion = English;
			hasScannedForEncodings = 0;
			knownRegions = (
				en,
			);
			mainGroup = F257FD181A9831FD00688A11;
			productRefGroup = F257FD221A9831FD00688A11 /* Products */;
			projectDirPath = "";
			projectRoot = "";
			targets = (
				F257FD201A9831FD00688A11 /* exercise-5 */,
			);
		};
/* End PBXProject section */

/* Begin PBXSourcesBuildPhase section */
		F257FD1D1A9831FD00688A11 /* Sources */ = {
			isa = PBXSourcesBuildPhase;
			buildActionMask = 2147483647;
			files = (
				F257FD331A98322D00688A11 /* Square.m in Sources */,
				F257FD251A9831FD00688A11 /* main.m in Sources */,
				F257FD301A98321200688A11 /* XYPoint.m in Sources */,
				F257FD2F1A98321200688A11 /* Rectangle.m in Sources */,
			);
			runOnlyForDeploymentPostprocessing = 0;
		};
/* End PBXSourcesBuildPhase section */

/* Begin XCBuildConfiguration section */
		F257FD261A9831FD00688A11 /* Debug */ = {
			isa = XCBuildConfiguration;
			buildSettings = {
				ALWAYS_SEARCH_USER_PATHS = NO;
				CLANG_CXX_LANGUAGE_STANDARD = "gnu++0x";
				CLANG_CXX_LIBRARY = "libc++";
				CLANG_ENABLE_MODULES = YES;
				CLANG_ENABLE_OBJC_ARC = YES;
				CLANG_WARN_BOOL_CONVERSION = YES;
				CLANG_WARN_CONSTANT_CONVERSION = YES;
				CLANG_WARN_DIRECT_OBJC_ISA_USAGE = YES_ERROR;
				CLANG_WARN_EMPTY_BODY = YES;
				CLANG_WARN_ENUM_CONVERSION = YES;
				CLANG_WARN_INT_CONVERSION = YES;
				CLANG_WARN_OBJC_ROOT_CLASS = YES_ERROR;
				CLANG_WARN_UNREACHABLE_CODE = YES;
				CLANG_WARN__DUPLICATE_METHOD_MATCH = YES;
				COPY_PHASE_STRIP = NO;
				ENABLE_STRICT_OBJC_MSGSEND = YES;
				GCC_C_LANGUAGE_STANDARD = gnu99;
				GCC_DYNAMIC_NO_PIC = NO;
				GCC_OPTIMIZATION_LEVEL = 0;
				GCC_PREPROCESSOR_DEFINITIONS = (
					"DEBUG=1",
					"$(inherited)",
				);
				GCC_SYMBOLS_PRIVATE_EXTERN = NO;
				GCC_WARN_64_TO_32_BIT_CONVERSION = YES;
				GCC_WARN_ABOUT_RETURN_TYPE = YES_ERROR;
				GCC_WARN_UNDECLARED_SELECTOR = YES;
				GCC_WARN_UNINITIALIZED_AUTOS = YES_AGGRESSIVE;
				GCC_WARN_UNUSED_FUNCTION = YES;
				GCC_WARN_UNUSED_VARIABLE = YES;
				MACOSX_DEPLOYMENT_TARGET = 10.10;
				MTL_ENABLE_DEBUG_INFO = YES;
				ONLY_ACTIVE_ARCH = YES;
				SDKROOT = macosx;
			};
			name = Debug;
		};
		F257FD271A9831FD00688A11 /* Release */ = {
			isa = XCBuildConfiguration;
			buildSettings = {
				ALWAYS_SEARCH_USER_PATHS = NO;
				CLANG_CXX_LANGUAGE_STANDARD = "gnu++0x";
				CLANG_CXX_LIBRARY = "libc++";
				CLANG_ENABLE_MODULES = YES;
				CLANG_ENABLE_OBJC_ARC = YES;
				CLANG_WARN_BOOL_CONVERSION = YES;
				CLANG_WARN_CONSTANT_CONVERSION = YES;
				CLANG_WARN_DIRECT_OBJC_ISA_USAGE = YES_ERROR;
				CLANG_WARN_EMPTY_BODY = YES;
				CLANG_WARN_ENUM_CONVERSION = YES;
				CLANG_WARN_INT_CONVERSION = YES;
				CLANG_WARN_OBJC_ROOT_CLASS = YES_ERROR;
				CLANG_WARN_UNREACHABLE_CODE = YES;
				CLANG_WARN__DUPLICATE_METHOD_MATCH = YES;
				COPY_PHASE_STRIP = YES;
				DEBUG_INFORMATION_FORMAT = "dwarf-with-dsym";
				ENABLE_NS_ASSERTIONS = NO;
				ENABLE_STRICT_OBJC_MSGSEND = YES;
				GCC_C_LANGUAGE_STANDARD = gnu99;
				GCC_WARN_64_TO_32_BIT_CONVERSION = YES;
				GCC_WARN_ABOUT_RETURN_TYPE = YES_ERROR;
				GCC_WARN_UNDECLARED_SELECTOR = YES;
				GCC_WARN_UNINITIALIZED_AUTOS = YES_AGGRESSIVE;
				GCC_WARN_UNUSED_FUNCTION = YES;
				GCC_WARN_UNUSED_VARIABLE = YES;
				MACOSX_DEPLOYMENT_TARGET = 10.10;
				MTL_ENABLE_DEBUG_INFO = NO;
				SDKROOT = macosx;
			};
			name = Release;
		};
		F257FD291A9831FD00688A11 /* Debug */ = {
			isa = XCBuildConfiguration;
			buildSettings = {
				PRODUCT_NAME = "$(TARGET_NAME)";
			};
			name = Debug;
		};
		F257FD2A1A9831FD00688A11 /* Release */ = {
			isa = XCBuildConfiguration;
			buildSettings = {
				PRODUCT_NAME = "$(TARGET_NAME)";
			};
			name = Release;
		};
/* End XCBuildConfiguration section */

/* Begin XCConfigurationList section */
		F257FD1C1A9831FD00688A11 /* Build configuration list for PBXProject "exercise-5" */ = {
			isa = XCConfigurationList;
			buildConfigurations = (
				F257FD261A9831FD00688A11 /* Debug */,
				F257FD271A9831FD00688A11 /* Release */,
			);
			defaultConfigurationIsVisible = 0;
			defaultConfigurationName = Release;
		};
		F257FD281A9831FD00688A11 /* Build configuration list for PBXNativeTarget "exercise-5" */ = {
			isa = XCConfigurationList;
			buildConfigurations = (
				F257FD291A9831FD00688A11 /* Debug */,
				F257FD2A1A9831FD00688A11 /* Release */,
			);
			defaultConfigurationIsVisible = 0;
		};
/* End XCConfigurationList section */
	};
	rootObject = F257FD191A9831FD00688A11 /* Project object */;
}
